
Microsoft Visual Studio Solution File, Format Version 12.00
# Visual Studio Version 16
VisualStudioVersion = 16.0.30413.136
MinimumVisualStudioVersion = 10.0.40219.1
Project("{FAE04EC0-301F-11D3-BF4B-00C04F79EFBC}") = "ConsoleApp9", "ConsoleApp9\ConsoleApp9.csproj", "{DE32251D-A322-4F71-BB80-81A900D80034}"
EndProject
Global
	GlobalSection(SolutionConfigurationPlatforms) = preSolution
		Debug|Any CPU = Debug|Any CPU
		Release|Any CPU = Release|Any CPU
	EndGlobalSection
	GlobalSection(ProjectConfigurationPlatforms) = postSolution
		{DE32251D-A322-4F71-BB80-81A900D80034}.Debug|Any CPU.ActiveCfg = Debug|Any CPU
		{DE32251D-A322-4F71-BB80-81A900D80034}.Debug|Any CPU.Build.0 = Debug|Any CPU
		{DE32251D-A322-4F71-BB80-81A900D80034}.Release|Any CPU.ActiveCfg = Release|Any CPU
		{DE32251D-A322-4F71-BB80-81A900D80034}.Release|Any CPU.Build.0 = Release|Any CPU
	EndGlobalSection
	GlobalSection(SolutionProperties) = preSolution
		HideSolutionNode = FALSE
	EndGlobalSection
	GlobalSection(ExtensibilityGlobals) = postSolution
		SolutionGuid = {3C4ADE97-3FC4-406B-9C7E-5AD9E0B9C329}
	EndGlobalSection
EndGlobal
